// !$*UTF8*$!
{
	archiveVersion = 1;
	classes = {
	};
	objectVersion = 48;
	objects = {

/* Begin PBXBuildFile section */
		37FFC068A58E33367A34A05C /* Pods_Wedding.framework in Frameworks */ = {isa = PBXBuildFile; fileRef = 519AA1A0404AE1C76B936295 /* Pods_Wedding.framework */; };
		968070AA206C4B2E009E80FB /* AppDelegate.swift in Sources */ = {isa = PBXBuildFile; fileRef = 968070A9206C4B2E009E80FB /* AppDelegate.swift */; };
		968070AF206C4B2E009E80FB /* Main.storyboard in Resources */ = {isa = PBXBuildFile; fileRef = 968070AD206C4B2E009E80FB /* Main.storyboard */; };
		968070B2206C4B2E009E80FB /* Wedding.xcdatamodeld in Sources */ = {isa = PBXBuildFile; fileRef = 968070B0206C4B2E009E80FB /* Wedding.xcdatamodeld */; };
		968070B4206C4B2E009E80FB /* Assets.xcassets in Resources */ = {isa = PBXBuildFile; fileRef = 968070B3206C4B2E009E80FB /* Assets.xcassets */; };
		968070B7206C4B2E009E80FB /* LaunchScreen.storyboard in Resources */ = {isa = PBXBuildFile; fileRef = 968070B5206C4B2E009E80FB /* LaunchScreen.storyboard */; };
		968070C2206C4B2F009E80FB /* WeddingTests.swift in Sources */ = {isa = PBXBuildFile; fileRef = 968070C1206C4B2F009E80FB /* WeddingTests.swift */; };
		968070CD206C4B7D009E80FB /* LandingVC.swift in Sources */ = {isa = PBXBuildFile; fileRef = 968070CC206C4B7D009E80FB /* LandingVC.swift */; };
		968070D0206C4BBC009E80FB /* WelcomeVC.swift in Sources */ = {isa = PBXBuildFile; fileRef = 968070CF206C4BBC009E80FB /* WelcomeVC.swift */; };
		968070D2206C4BD2009E80FB /* NavVC.swift in Sources */ = {isa = PBXBuildFile; fileRef = 968070D1206C4BD2009E80FB /* NavVC.swift */; };
		968070D4206C4BE5009E80FB /* ConversationsVC.swift in Sources */ = {isa = PBXBuildFile; fileRef = 968070D3206C4BE5009E80FB /* ConversationsVC.swift */; };
		968070D6206C4BF9009E80FB /* ChatVC.swift in Sources */ = {isa = PBXBuildFile; fileRef = 968070D5206C4BF9009E80FB /* ChatVC.swift */; };
		968070D8206C4C2F009E80FB /* VCCells.swift in Sources */ = {isa = PBXBuildFile; fileRef = 968070D7206C4C2F009E80FB /* VCCells.swift */; };
		968070DA206C4CAA009E80FB /* User.swift in Sources */ = {isa = PBXBuildFile; fileRef = 968070D9206C4CAA009E80FB /* User.swift */; };
		968070DC206C4CBA009E80FB /* Message.swift in Sources */ = {isa = PBXBuildFile; fileRef = 968070DB206C4CBA009E80FB /* Message.swift */; };
		968070DE206C4CC5009E80FB /* Conversation.swift in Sources */ = {isa = PBXBuildFile; fileRef = 968070DD206C4CC5009E80FB /* Conversation.swift */; };
		968070E2206C4DD8009E80FB /* UIHelpers.swift in Sources */ = {isa = PBXBuildFile; fileRef = 968070E1206C4DD8009E80FB /* UIHelpers.swift */; };
		A6CB381F533958A6B6FA55C4 /* Pods_WeddingTests.framework in Frameworks */ = {isa = PBXBuildFile; fileRef = 7B5F4598D84C79B03D300DA1 /* Pods_WeddingTests.framework */; };
/* End PBXBuildFile section */

/* Begin PBXContainerItemProxy section */
		968070BE206C4B2F009E80FB /* PBXContainerItemProxy */ = {
			isa = PBXContainerItemProxy;
			containerPortal = 9680709E206C4B2E009E80FB /* Project object */;
			proxyType = 1;
			remoteGlobalIDString = 968070A5206C4B2E009E80FB;
			remoteInfo = Wedding;
		};
/* End PBXContainerItemProxy section */

/* Begin PBXFileReference section */
		519AA1A0404AE1C76B936295 /* Pods_Wedding.framework */ = {isa = PBXFileReference; explicitFileType = wrapper.framework; includeInIndex = 0; path = Pods_Wedding.framework; sourceTree = BUILT_PRODUCTS_DIR; };
		762E6168B19926FEF7CF69F1 /* Pods-Wedding.debug.xcconfig */ = {isa = PBXFileReference; includeInIndex = 1; lastKnownFileType = text.xcconfig; name = "Pods-Wedding.debug.xcconfig"; path = "Pods/Target Support Files/Pods-Wedding/Pods-Wedding.debug.xcconfig"; sourceTree = "<group>"; };
		7B5F4598D84C79B03D300DA1 /* Pods_WeddingTests.framework */ = {isa = PBXFileReference; explicitFileType = wrapper.framework; includeInIndex = 0; path = Pods_WeddingTests.framework; sourceTree = BUILT_PRODUCTS_DIR; };
		968070A6206C4B2E009E80FB /* Wedding.app */ = {isa = PBXFileReference; explicitFileType = wrapper.application; includeInIndex = 0; path = Wedding.app; sourceTree = BUILT_PRODUCTS_DIR; };
		968070A9206C4B2E009E80FB /* AppDelegate.swift */ = {isa = PBXFileReference; lastKnownFileType = sourcecode.swift; path = AppDelegate.swift; sourceTree = "<group>"; };
		968070AE206C4B2E009E80FB /* Base */ = {isa = PBXFileReference; lastKnownFileType = file.storyboard; name = Base; path = Base.lproj/Main.storyboard; sourceTree = "<group>"; };
		968070B1206C4B2E009E80FB /* Wedding.xcdatamodel */ = {isa = PBXFileReference; lastKnownFileType = wrapper.xcdatamodel; path = Wedding.xcdatamodel; sourceTree = "<group>"; };
		968070B3206C4B2E009E80FB /* Assets.xcassets */ = {isa = PBXFileReference; lastKnownFileType = folder.assetcatalog; path = Assets.xcassets; sourceTree = "<group>"; };
		968070B6206C4B2E009E80FB /* Base */ = {isa = PBXFileReference; lastKnownFileType = file.storyboard; name = Base; path = Base.lproj/LaunchScreen.storyboard; sourceTree = "<group>"; };
		968070B8206C4B2F009E80FB /* Info.plist */ = {isa = PBXFileReference; lastKnownFileType = text.plist.xml; path = Info.plist; sourceTree = "<group>"; };
		968070BD206C4B2F009E80FB /* WeddingTests.xctest */ = {isa = PBXFileReference; explicitFileType = wrapper.cfbundle; includeInIndex = 0; path = WeddingTests.xctest; sourceTree = BUILT_PRODUCTS_DIR; };
		968070C1206C4B2F009E80FB /* WeddingTests.swift */ = {isa = PBXFileReference; lastKnownFileType = sourcecode.swift; path = WeddingTests.swift; sourceTree = "<group>"; };
		968070C3206C4B2F009E80FB /* Info.plist */ = {isa = PBXFileReference; lastKnownFileType = text.plist.xml; path = Info.plist; sourceTree = "<group>"; };
		968070CC206C4B7D009E80FB /* LandingVC.swift */ = {isa = PBXFileReference; lastKnownFileType = sourcecode.swift; path = LandingVC.swift; sourceTree = "<group>"; };
		968070CF206C4BBC009E80FB /* WelcomeVC.swift */ = {isa = PBXFileReference; lastKnownFileType = sourcecode.swift; path = WelcomeVC.swift; sourceTree = "<group>"; };
		968070D1206C4BD2009E80FB /* NavVC.swift */ = {isa = PBXFileReference; lastKnownFileType = sourcecode.swift; path = NavVC.swift; sourceTree = "<group>"; };
		968070D3206C4BE5009E80FB /* ConversationsVC.swift */ = {isa = PBXFileReference; lastKnownFileType = sourcecode.swift; path = ConversationsVC.swift; sourceTree = "<group>"; };
		968070D5206C4BF9009E80FB /* ChatVC.swift */ = {isa = PBXFileReference; lastKnownFileType = sourcecode.swift; path = ChatVC.swift; sourceTree = "<group>"; };
		968070D7206C4C2F009E80FB /* VCCells.swift */ = {isa = PBXFileReference; lastKnownFileType = sourcecode.swift; path = VCCells.swift; sourceTree = "<group>"; };
		968070D9206C4CAA009E80FB /* User.swift */ = {isa = PBXFileReference; lastKnownFileType = sourcecode.swift; path = User.swift; sourceTree = "<group>"; };
		968070DB206C4CBA009E80FB /* Message.swift */ = {isa = PBXFileReference; lastKnownFileType = sourcecode.swift; path = Message.swift; sourceTree = "<group>"; };
		968070DD206C4CC5009E80FB /* Conversation.swift */ = {isa = PBXFileReference; lastKnownFileType = sourcecode.swift; path = Conversation.swift; sourceTree = "<group>"; };
		968070E1206C4DD8009E80FB /* UIHelpers.swift */ = {isa = PBXFileReference; lastKnownFileType = sourcecode.swift; path = UIHelpers.swift; sourceTree = "<group>"; };
		C45E943311B9E7F6BE7E065B /* Pods-Wedding.release.xcconfig */ = {isa = PBXFileReference; includeInIndex = 1; lastKnownFileType = text.xcconfig; name = "Pods-Wedding.release.xcconfig"; path = "Pods/Target Support Files/Pods-Wedding/Pods-Wedding.release.xcconfig"; sourceTree = "<group>"; };
		DC3A8CBC2E91CCFBE9E97649 /* Pods-WeddingTests.debug.xcconfig */ = {isa = PBXFileReference; includeInIndex = 1; lastKnownFileType = text.xcconfig; name = "Pods-WeddingTests.debug.xcconfig"; path = "Pods/Target Support Files/Pods-WeddingTests/Pods-WeddingTests.debug.xcconfig"; sourceTree = "<group>"; };
		FBAAA0F22A0615F10D7D7441 /* Pods-WeddingTests.release.xcconfig */ = {isa = PBXFileReference; includeInIndex = 1; lastKnownFileType = text.xcconfig; name = "Pods-WeddingTests.release.xcconfig"; path = "Pods/Target Support Files/Pods-WeddingTests/Pods-WeddingTests.release.xcconfig"; sourceTree = "<group>"; };
/* End PBXFileReference section */

/* Begin PBXFrameworksBuildPhase section */
		968070A3206C4B2E009E80FB /* Frameworks */ = {
			isa = PBXFrameworksBuildPhase;
			buildActionMask = 2147483647;
			files = (
				37FFC068A58E33367A34A05C /* Pods_Wedding.framework in Frameworks */,
			);
			runOnlyForDeploymentPostprocessing = 0;
		};
		968070BA206C4B2F009E80FB /* Frameworks */ = {
			isa = PBXFrameworksBuildPhase;
			buildActionMask = 2147483647;
			files = (
				A6CB381F533958A6B6FA55C4 /* Pods_WeddingTests.framework in Frameworks */,
			);
			runOnlyForDeploymentPostprocessing = 0;
		};
/* End PBXFrameworksBuildPhase section */

/* Begin PBXGroup section */
		9680709D206C4B2E009E80FB = {
			isa = PBXGroup;
			children = (
				968070A8206C4B2E009E80FB /* Wedding */,
				968070C0206C4B2F009E80FB /* WeddingTests */,
				968070A7206C4B2E009E80FB /* Products */,
				E200E307822D06D9BA0B90C4 /* Pods */,
				9FB6316C178044EB9E598DBF /* Frameworks */,
			);
			sourceTree = "<group>";
		};
		968070A7206C4B2E009E80FB /* Products */ = {
			isa = PBXGroup;
			children = (
				968070A6206C4B2E009E80FB /* Wedding.app */,
				968070BD206C4B2F009E80FB /* WeddingTests.xctest */,
			);
			name = Products;
			sourceTree = "<group>";
		};
		968070A8206C4B2E009E80FB /* Wedding */ = {
			isa = PBXGroup;
			children = (
				968070A9206C4B2E009E80FB /* AppDelegate.swift */,
				968070CE206C4B9D009E80FB /* Controllers */,
				968070DF206C4CD0009E80FB /* Models */,
				968070E0206C4CDD009E80FB /* View */,
				968070E3206C4DE7009E80FB /* Helpers */,
				968070B8206C4B2F009E80FB /* Info.plist */,
				968070B0206C4B2E009E80FB /* Wedding.xcdatamodeld */,
			);
			path = Wedding;
			sourceTree = "<group>";
		};
		968070C0206C4B2F009E80FB /* WeddingTests */ = {
			isa = PBXGroup;
			children = (
				968070C1206C4B2F009E80FB /* WeddingTests.swift */,
				968070C3206C4B2F009E80FB /* Info.plist */,
			);
			path = WeddingTests;
			sourceTree = "<group>";
		};
		968070CE206C4B9D009E80FB /* Controllers */ = {
			isa = PBXGroup;
			children = (
				968070CC206C4B7D009E80FB /* LandingVC.swift */,
				968070CF206C4BBC009E80FB /* WelcomeVC.swift */,
				968070D1206C4BD2009E80FB /* NavVC.swift */,
				968070D3206C4BE5009E80FB /* ConversationsVC.swift */,
				968070D5206C4BF9009E80FB /* ChatVC.swift */,
				968070D7206C4C2F009E80FB /* VCCells.swift */,
			);
			path = Controllers;
			sourceTree = "<group>";
		};
		968070DF206C4CD0009E80FB /* Models */ = {
			isa = PBXGroup;
			children = (
				968070D9206C4CAA009E80FB /* User.swift */,
				968070DB206C4CBA009E80FB /* Message.swift */,
				968070DD206C4CC5009E80FB /* Conversation.swift */,
			);
			path = Models;
			sourceTree = "<group>";
		};
		968070E0206C4CDD009E80FB /* View */ = {
			isa = PBXGroup;
			children = (
				968070AD206C4B2E009E80FB /* Main.storyboard */,
				968070B3206C4B2E009E80FB /* Assets.xcassets */,
				968070B5206C4B2E009E80FB /* LaunchScreen.storyboard */,
			);
			path = View;
			sourceTree = "<group>";
		};
		968070E3206C4DE7009E80FB /* Helpers */ = {
			isa = PBXGroup;
			children = (
				968070E1206C4DD8009E80FB /* UIHelpers.swift */,
			);
			path = Helpers;
			sourceTree = "<group>";
		};
		9FB6316C178044EB9E598DBF /* Frameworks */ = {
			isa = PBXGroup;
			children = (
				519AA1A0404AE1C76B936295 /* Pods_Wedding.framework */,
				7B5F4598D84C79B03D300DA1 /* Pods_WeddingTests.framework */,
			);
			name = Frameworks;
			sourceTree = "<group>";
		};
		E200E307822D06D9BA0B90C4 /* Pods */ = {
			isa = PBXGroup;
			children = (
				762E6168B19926FEF7CF69F1 /* Pods-Wedding.debug.xcconfig */,
				C45E943311B9E7F6BE7E065B /* Pods-Wedding.release.xcconfig */,
				DC3A8CBC2E91CCFBE9E97649 /* Pods-WeddingTests.debug.xcconfig */,
				FBAAA0F22A0615F10D7D7441 /* Pods-WeddingTests.release.xcconfig */,
			);
			name = Pods;
			sourceTree = "<group>";
		};
/* End PBXGroup section */

/* Begin PBXNativeTarget section */
		968070A5206C4B2E009E80FB /* Wedding */ = {
			isa = PBXNativeTarget;
			buildConfigurationList = 968070C6206C4B2F009E80FB /* Build configuration list for PBXNativeTarget "Wedding" */;
			buildPhases = (
				28BB0F27C183ACD06F660615 /* [CP] Check Pods Manifest.lock */,
				968070A2206C4B2E009E80FB /* Sources */,
				968070A3206C4B2E009E80FB /* Frameworks */,
				968070A4206C4B2E009E80FB /* Resources */,
				0EA91571007BC36E6BF47696 /* [CP] Embed Pods Frameworks */,
				0844C0434D65A07871E6FB83 /* [CP] Copy Pods Resources */,
			);
			buildRules = (
			);
			dependencies = (
			);
			name = Wedding;
			productName = Wedding;
			productReference = 968070A6206C4B2E009E80FB /* Wedding.app */;
			productType = "com.apple.product-type.application";
		};
		968070BC206C4B2F009E80FB /* WeddingTests */ = {
			isa = PBXNativeTarget;
			buildConfigurationList = 968070C9206C4B2F009E80FB /* Build configuration list for PBXNativeTarget "WeddingTests" */;
			buildPhases = (
				7A13E5977E51CE4591BF7F81 /* [CP] Check Pods Manifest.lock */,
				968070B9206C4B2F009E80FB /* Sources */,
				968070BA206C4B2F009E80FB /* Frameworks */,
				968070BB206C4B2F009E80FB /* Resources */,
				C5584BDD99E75315CF39A330 /* [CP] Embed Pods Frameworks */,
				521A6000BEF501A269105065 /* [CP] Copy Pods Resources */,
			);
			buildRules = (
			);
			dependencies = (
				968070BF206C4B2F009E80FB /* PBXTargetDependency */,
			);
			name = WeddingTests;
			productName = WeddingTests;
			productReference = 968070BD206C4B2F009E80FB /* WeddingTests.xctest */;
			productType = "com.apple.product-type.bundle.unit-test";
		};
/* End PBXNativeTarget section */

/* Begin PBXProject section */
		9680709E206C4B2E009E80FB /* Project object */ = {
			isa = PBXProject;
			attributes = {
				LastSwiftUpdateCheck = 0920;
				LastUpgradeCheck = 0920;
				ORGANIZATIONNAME = "Lauren Nicole Roth";
				TargetAttributes = {
					968070A5206C4B2E009E80FB = {
						CreatedOnToolsVersion = 9.2;
						ProvisioningStyle = Automatic;
					};
					968070BC206C4B2F009E80FB = {
						CreatedOnToolsVersion = 9.2;
						ProvisioningStyle = Automatic;
						TestTargetID = 968070A5206C4B2E009E80FB;
					};
				};
			};
			buildConfigurationList = 968070A1206C4B2E009E80FB /* Build configuration list for PBXProject "Wedding" */;
			compatibilityVersion = "Xcode 8.0";
			developmentRegion = en;
			hasScannedForEncodings = 0;
			knownRegions = (
				en,
				Base,
			);
			mainGroup = 9680709D206C4B2E009E80FB;
			productRefGroup = 968070A7206C4B2E009E80FB /* Products */;
			projectDirPath = "";
			projectRoot = "";
			targets = (
				968070A5206C4B2E009E80FB /* Wedding */,
				968070BC206C4B2F009E80FB /* WeddingTests */,
			);
		};
/* End PBXProject section */

/* Begin PBXResourcesBuildPhase section */
		968070A4206C4B2E009E80FB /* Resources */ = {
			isa = PBXResourcesBuildPhase;
			buildActionMask = 2147483647;
			files = (
				968070B7206C4B2E009E80FB /* LaunchScreen.storyboard in Resources */,
				968070B4206C4B2E009E80FB /* Assets.xcassets in Resources */,
				968070AF206C4B2E009E80FB /* Main.storyboard in Resources */,
			);
			runOnlyForDeploymentPostprocessing = 0;
		};
		968070BB206C4B2F009E80FB /* Resources */ = {
			isa = PBXResourcesBuildPhase;
			buildActionMask = 2147483647;
			files = (
			);
			runOnlyForDeploymentPostprocessing = 0;
		};
/* End PBXResourcesBuildPhase section */

/* Begin PBXShellScriptBuildPhase section */
		0844C0434D65A07871E6FB83 /* [CP] Copy Pods Resources */ = {
			isa = PBXShellScriptBuildPhase;
			buildActionMask = 2147483647;
			files = (
			);
			inputPaths = (
			);
			name = "[CP] Copy Pods Resources";
			outputPaths = (
			);
			runOnlyForDeploymentPostprocessing = 0;
			shellPath = /bin/sh;
			shellScript = "\"${SRCROOT}/Pods/Target Support Files/Pods-Wedding/Pods-Wedding-resources.sh\"\n";
			showEnvVarsInLog = 0;
		};
		0EA91571007BC36E6BF47696 /* [CP] Embed Pods Frameworks */ = {
			isa = PBXShellScriptBuildPhase;
			buildActionMask = 2147483647;
			files = (
			);
			inputPaths = (
				"${SRCROOT}/Pods/Target Support Files/Pods-Wedding/Pods-Wedding-frameworks.sh",
				"${BUILT_PRODUCTS_DIR}/GTMSessionFetcher/GTMSessionFetcher.framework",
				"${BUILT_PRODUCTS_DIR}/GoogleToolboxForMac/GoogleToolboxForMac.framework",
				"${BUILT_PRODUCTS_DIR}/leveldb-library/leveldb.framework",
				"${BUILT_PRODUCTS_DIR}/nanopb/nanopb.framework",
			);
			name = "[CP] Embed Pods Frameworks";
			outputPaths = (
				"${TARGET_BUILD_DIR}/${FRAMEWORKS_FOLDER_PATH}/GTMSessionFetcher.framework",
				"${TARGET_BUILD_DIR}/${FRAMEWORKS_FOLDER_PATH}/GoogleToolboxForMac.framework",
				"${TARGET_BUILD_DIR}/${FRAMEWORKS_FOLDER_PATH}/leveldb.framework",
				"${TARGET_BUILD_DIR}/${FRAMEWORKS_FOLDER_PATH}/nanopb.framework",
			);
			runOnlyForDeploymentPostprocessing = 0;
			shellPath = /bin/sh;
			shellScript = "\"${SRCROOT}/Pods/Target Support Files/Pods-Wedding/Pods-Wedding-frameworks.sh\"\n";
			showEnvVarsInLog = 0;
		};
		28BB0F27C183ACD06F660615 /* [CP] Check Pods Manifest.lock */ = {
			isa = PBXShellScriptBuildPhase;
			buildActionMask = 2147483647;
			files = (
			);
			inputPaths = (
				"${PODS_PODFILE_DIR_PATH}/Podfile.lock",
				"${PODS_ROOT}/Manifest.lock",
			);
			name = "[CP] Check Pods Manifest.lock";
			outputPaths = (
				"$(DERIVED_FILE_DIR)/Pods-Wedding-checkManifestLockResult.txt",
			);
			runOnlyForDeploymentPostprocessing = 0;
			shellPath = /bin/sh;
			shellScript = "diff \"${PODS_PODFILE_DIR_PATH}/Podfile.lock\" \"${PODS_ROOT}/Manifest.lock\" > /dev/null\nif [ $? != 0 ] ; then\n    # print error to STDERR\n    echo \"error: The sandbox is not in sync with the Podfile.lock. Run 'pod install' or update your CocoaPods installation.\" >&2\n    exit 1\nfi\n# This output is used by Xcode 'outputs' to avoid re-running this script phase.\necho \"SUCCESS\" > \"${SCRIPT_OUTPUT_FILE_0}\"\n";
			showEnvVarsInLog = 0;
		};
		521A6000BEF501A269105065 /* [CP] Copy Pods Resources */ = {
			isa = PBXShellScriptBuildPhase;
			buildActionMask = 2147483647;
			files = (
			);
			inputPaths = (
			);
			name = "[CP] Copy Pods Resources";
			outputPaths = (
			);
			runOnlyForDeploymentPostprocessing = 0;
			shellPath = /bin/sh;
			shellScript = "\"${SRCROOT}/Pods/Target Support Files/Pods-WeddingTests/Pods-WeddingTests-resources.sh\"\n";
			showEnvVarsInLog = 0;
		};
		7A13E5977E51CE4591BF7F81 /* [CP] Check Pods Manifest.lock */ = {
			isa = PBXShellScriptBuildPhase;
			buildActionMask = 2147483647;
			files = (
			);
			inputPaths = (
				"${PODS_PODFILE_DIR_PATH}/Podfile.lock",
				"${PODS_ROOT}/Manifest.lock",
			);
			name = "[CP] Check Pods Manifest.lock";
			outputPaths = (
				"$(DERIVED_FILE_DIR)/Pods-WeddingTests-checkManifestLockResult.txt",
			);
			runOnlyForDeploymentPostprocessing = 0;
			shellPath = /bin/sh;
			shellScript = "diff \"${PODS_PODFILE_DIR_PATH}/Podfile.lock\" \"${PODS_ROOT}/Manifest.lock\" > /dev/null\nif [ $? != 0 ] ; then\n    # print error to STDERR\n    echo \"error: The sandbox is not in sync with the Podfile.lock. Run 'pod install' or update your CocoaPods installation.\" >&2\n    exit 1\nfi\n# This output is used by Xcode 'outputs' to avoid re-running this script phase.\necho \"SUCCESS\" > \"${SCRIPT_OUTPUT_FILE_0}\"\n";
			showEnvVarsInLog = 0;
		};
		C5584BDD99E75315CF39A330 /* [CP] Embed Pods Frameworks */ = {
			isa = PBXShellScriptBuildPhase;
			buildActionMask = 2147483647;
			files = (
			);
			inputPaths = (
			);
			name = "[CP] Embed Pods Frameworks";
			outputPaths = (
			);
			runOnlyForDeploymentPostprocessing = 0;
			shellPath = /bin/sh;
			shellScript = "\"${SRCROOT}/Pods/Target Support Files/Pods-WeddingTests/Pods-WeddingTests-frameworks.sh\"\n";
			showEnvVarsInLog = 0;
		};
/* End PBXShellScriptBuildPhase section */

/* Begin PBXSourcesBuildPhase section */
		968070A2206C4B2E009E80FB /* Sources */ = {
			isa = PBXSourcesBuildPhase;
			buildActionMask = 2147483647;
			files = (
				968070CD206C4B7D009E80FB /* LandingVC.swift in Sources */,
				968070D6206C4BF9009E80FB /* ChatVC.swift in Sources */,
				968070D2206C4BD2009E80FB /* NavVC.swift in Sources */,
				968070E2206C4DD8009E80FB /* UIHelpers.swift in Sources */,
				968070AA206C4B2E009E80FB /* AppDelegate.swift in Sources */,
				968070D8206C4C2F009E80FB /* VCCells.swift in Sources */,
				968070DE206C4CC5009E80FB /* Conversation.swift in Sources */,
				968070DA206C4CAA009E80FB /* User.swift in Sources */,
				968070B2206C4B2E009E80FB /* Wedding.xcdatamodeld in Sources */,
				968070DC206C4CBA009E80FB /* Message.swift in Sources */,
				968070D0206C4BBC009E80FB /* WelcomeVC.swift in Sources */,
				968070D4206C4BE5009E80FB /* ConversationsVC.swift in Sources */,
			);
			runOnlyForDeploymentPostprocessing = 0;
		};
		968070B9206C4B2F009E80FB /* Sources */ = {
			isa = PBXSourcesBuildPhase;
			buildActionMask = 2147483647;
			files = (
				968070C2206C4B2F009E80FB /* WeddingTests.swift in Sources */,
			);
			runOnlyForDeploymentPostprocessing = 0;
		};
/* End PBXSourcesBuildPhase section */

/* Begin PBXTargetDependency section */
		968070BF206C4B2F009E80FB /* PBXTargetDependency */ = {
			isa = PBXTargetDependency;
			target = 968070A5206C4B2E009E80FB /* Wedding */;
			targetProxy = 968070BE206C4B2F009E80FB /* PBXContainerItemProxy */;
		};
/* End PBXTargetDependency section */

/* Begin PBXVariantGroup section */
		968070AD206C4B2E009E80FB /* Main.storyboard */ = {
			isa = PBXVariantGroup;
			children = (
				968070AE206C4B2E009E80FB /* Base */,
			);
			name = Main.storyboard;
			sourceTree = "<group>";
		};
		968070B5206C4B2E009E80FB /* LaunchScreen.storyboard */ = {
			isa = PBXVariantGroup;
			children = (
				968070B6206C4B2E009E80FB /* Base */,
			);
			name = LaunchScreen.storyboard;
			sourceTree = "<group>";
		};
/* End PBXVariantGroup section */

/* Begin XCBuildConfiguration section */
		968070C4206C4B2F009E80FB /* Debug */ = {
			isa = XCBuildConfiguration;
			buildSettings = {
				ALWAYS_SEARCH_USER_PATHS = NO;
				CLANG_ANALYZER_NONNULL = YES;
				CLANG_ANALYZER_NUMBER_OBJECT_CONVERSION = YES_AGGRESSIVE;
				CLANG_CXX_LANGUAGE_STANDARD = "gnu++14";
				CLANG_CXX_LIBRARY = "libc++";
				CLANG_ENABLE_MODULES = YES;
				CLANG_ENABLE_OBJC_ARC = YES;
				CLANG_WARN_BLOCK_CAPTURE_AUTORELEASING = YES;
				CLANG_WARN_BOOL_CONVERSION = YES;
				CLANG_WARN_COMMA = YES;
				CLANG_WARN_CONSTANT_CONVERSION = YES;
				CLANG_WARN_DIRECT_OBJC_ISA_USAGE = YES_ERROR;
				CLANG_WARN_DOCUMENTATION_COMMENTS = YES;
				CLANG_WARN_EMPTY_BODY = YES;
				CLANG_WARN_ENUM_CONVERSION = YES;
				CLANG_WARN_INFINITE_RECURSION = YES;
				CLANG_WARN_INT_CONVERSION = YES;
				CLANG_WARN_NON_LITERAL_NULL_CONVERSION = YES;
				CLANG_WARN_OBJC_LITERAL_CONVERSION = YES;
				CLANG_WARN_OBJC_ROOT_CLASS = YES_ERROR;
				CLANG_WARN_RANGE_LOOP_ANALYSIS = YES;
				CLANG_WARN_STRICT_PROTOTYPES = YES;
				CLANG_WARN_SUSPICIOUS_MOVE = YES;
				CLANG_WARN_UNGUARDED_AVAILABILITY = YES_AGGRESSIVE;
				CLANG_WARN_UNREACHABLE_CODE = YES;
				CLANG_WARN__DUPLICATE_METHOD_MATCH = YES;
				CODE_SIGN_IDENTITY = "iPhone Developer";
				COPY_PHASE_STRIP = NO;
				DEBUG_INFORMATION_FORMAT = dwarf;
				ENABLE_STRICT_OBJC_MSGSEND = YES;
				ENABLE_TESTABILITY = YES;
				GCC_C_LANGUAGE_STANDARD = gnu11;
				GCC_DYNAMIC_NO_PIC = NO;
				GCC_NO_COMMON_BLOCKS = YES;
				GCC_OPTIMIZATION_LEVEL = 0;
				GCC_PREPROCESSOR_DEFINITIONS = (
					"DEBUG=1",
					"$(inherited)",
				);
				GCC_WARN_64_TO_32_BIT_CONVERSION = YES;
				GCC_WARN_ABOUT_RETURN_TYPE = YES_ERROR;
				GCC_WARN_UNDECLARED_SELECTOR = YES;
				GCC_WARN_UNINITIALIZED_AUTOS = YES_AGGRESSIVE;
				GCC_WARN_UNUSED_FUNCTION = YES;
				GCC_WARN_UNUSED_VARIABLE = YES;
				IPHONEOS_DEPLOYMENT_TARGET = 11.2;
				MTL_ENABLE_DEBUG_INFO = YES;
				ONLY_ACTIVE_ARCH = YES;
				SDKROOT = iphoneos;
				SWIFT_ACTIVE_COMPILATION_CONDITIONS = DEBUG;
				SWIFT_OPTIMIZATION_LEVEL = "-Onone";
			};
			name = Debug;
		};
		968070C5206C4B2F009E80FB /* Release */ = {
			isa = XCBuildConfiguration;
			buildSettings = {
				ALWAYS_SEARCH_USER_PATHS = NO;
				CLANG_ANALYZER_NONNULL = YES;
				CLANG_ANALYZER_NUMBER_OBJECT_CONVERSION = YES_AGGRESSIVE;
				CLANG_CXX_LANGUAGE_STANDARD = "gnu++14";
				CLANG_CXX_LIBRARY = "libc++";
				CLANG_ENABLE_MODULES = YES;
				CLANG_ENABLE_OBJC_ARC = YES;
				CLANG_WARN_BLOCK_CAPTURE_AUTORELEASING = YES;
				CLANG_WARN_BOOL_CONVERSION = YES;
				CLANG_WARN_COMMA = YES;
				CLANG_WARN_CONSTANT_CONVERSION = YES;
				CLANG_WARN_DIRECT_OBJC_ISA_USAGE = YES_ERROR;
				CLANG_WARN_DOCUMENTATION_COMMENTS = YES;
				CLANG_WARN_EMPTY_BODY = YES;
				CLANG_WARN_ENUM_CONVERSION = YES;
				CLANG_WARN_INFINITE_RECURSION = YES;
				CLANG_WARN_INT_CONVERSION = YES;
				CLANG_WARN_NON_LITERAL_NULL_CONVERSION = YES;
				CLANG_WARN_OBJC_LITERAL_CONVERSION = YES;
				CLANG_WARN_OBJC_ROOT_CLASS = YES_ERROR;
				CLANG_WARN_RANGE_LOOP_ANALYSIS = YES;
				CLANG_WARN_STRICT_PROTOTYPES = YES;
				CLANG_WARN_SUSPICIOUS_MOVE = YES;
				CLANG_WARN_UNGUARDED_AVAILABILITY = YES_AGGRESSIVE;
				CLANG_WARN_UNREACHABLE_CODE = YES;
				CLANG_WARN__DUPLICATE_METHOD_MATCH = YES;
				CODE_SIGN_IDENTITY = "iPhone Developer";
				COPY_PHASE_STRIP = NO;
				DEBUG_INFORMATION_FORMAT = "dwarf-with-dsym";
				ENABLE_NS_ASSERTIONS = NO;
				ENABLE_STRICT_OBJC_MSGSEND = YES;
				GCC_C_LANGUAGE_STANDARD = gnu11;
				GCC_NO_COMMON_BLOCKS = YES;
				GCC_WARN_64_TO_32_BIT_CONVERSION = YES;
				GCC_WARN_ABOUT_RETURN_TYPE = YES_ERROR;
				GCC_WARN_UNDECLARED_SELECTOR = YES;
				GCC_WARN_UNINITIALIZED_AUTOS = YES_AGGRESSIVE;
				GCC_WARN_UNUSED_FUNCTION = YES;
				GCC_WARN_UNUSED_VARIABLE = YES;
				IPHONEOS_DEPLOYMENT_TARGET = 11.2;
				MTL_ENABLE_DEBUG_INFO = NO;
				SDKROOT = iphoneos;
				SWIFT_OPTIMIZATION_LEVEL = "-Owholemodule";
				VALIDATE_PRODUCT = YES;
			};
			name = Release;
		};
		968070C7206C4B2F009E80FB /* Debug */ = {
			isa = XCBuildConfiguration;
			baseConfigurationReference = 762E6168B19926FEF7CF69F1 /* Pods-Wedding.debug.xcconfig */;
			buildSettings = {
				ASSETCATALOG_COMPILER_APPICON_NAME = AppIcon;
				CODE_SIGN_STYLE = Automatic;
				DEVELOPMENT_TEAM = K8HU92W3ZM;
				INFOPLIST_FILE = Wedding/Info.plist;
				LD_RUNPATH_SEARCH_PATHS = "$(inherited) @executable_path/Frameworks";
				PRODUCT_BUNDLE_IDENTIFIER = com.laurennicoleroth.Wedding;
				PRODUCT_NAME = "$(TARGET_NAME)";
				SWIFT_VERSION = 4.0;
				TARGETED_DEVICE_FAMILY = "1,2";
			};
			name = Debug;
		};
		968070C8206C4B2F009E80FB /* Release */ = {
			isa = XCBuildConfiguration;
			baseConfigurationReference = C45E943311B9E7F6BE7E065B /* Pods-Wedding.release.xcconfig */;
			buildSettings = {
				ASSETCATALOG_COMPILER_APPICON_NAME = AppIcon;
				CODE_SIGN_STYLE = Automatic;
				DEVELOPMENT_TEAM = K8HU92W3ZM;
				INFOPLIST_FILE = Wedding/Info.plist;
				LD_RUNPATH_SEARCH_PATHS = "$(inherited) @executable_path/Frameworks";
				PRODUCT_BUNDLE_IDENTIFIER = com.laurennicoleroth.Wedding;
				PRODUCT_NAME = "$(TARGET_NAME)";
				SWIFT_VERSION = 4.0;
				TARGETED_DEVICE_FAMILY = "1,2";
			};
			name = Release;
		};
		968070CA206C4B2F009E80FB /* Debug */ = {
			isa = XCBuildConfiguration;
			baseConfigurationReference = DC3A8CBC2E91CCFBE9E97649 /* Pods-WeddingTests.debug.xcconfig */;
			buildSettings = {
				ALWAYS_EMBED_SWIFT_STANDARD_LIBRARIES = YES;
				BUNDLE_LOADER = "$(TEST_HOST)";
				CODE_SIGN_STYLE = Automatic;
				DEVELOPMENT_TEAM = K8HU92W3ZM;
				INFOPLIST_FILE = WeddingTests/Info.plist;
				LD_RUNPATH_SEARCH_PATHS = "$(inherited) @executable_path/Frameworks @loader_path/Frameworks";
				PRODUCT_BUNDLE_IDENTIFIER = com.laurennicoleroth.WeddingTests;
				PRODUCT_NAME = "$(TARGET_NAME)";
				SWIFT_VERSION = 4.0;
				TARGETED_DEVICE_FAMILY = "1,2";
				TEST_HOST = "$(BUILT_PRODUCTS_DIR)/Wedding.app/Wedding";
			};
			name = Debug;
		};
		968070CB206C4B2F009E80FB /* Release */ = {
			isa = XCBuildConfiguration;
			baseConfigurationReference = FBAAA0F22A0615F10D7D7441 /* Pods-WeddingTests.release.xcconfig */;
			buildSettings = {
				ALWAYS_EMBED_SWIFT_STANDARD_LIBRARIES = YES;
				BUNDLE_LOADER = "$(TEST_HOST)";
				CODE_SIGN_STYLE = Automatic;
				DEVELOPMENT_TEAM = K8HU92W3ZM;
				INFOPLIST_FILE = WeddingTests/Info.plist;
				LD_RUNPATH_SEARCH_PATHS = "$(inherited) @executable_path/Frameworks @loader_path/Frameworks";
				PRODUCT_BUNDLE_IDENTIFIER = com.laurennicoleroth.WeddingTests;
				PRODUCT_NAME = "$(TARGET_NAME)";
				SWIFT_VERSION = 4.0;
				TARGETED_DEVICE_FAMILY = "1,2";
				TEST_HOST = "$(BUILT_PRODUCTS_DIR)/Wedding.app/Wedding";
			};
			name = Release;
		};
/* End XCBuildConfiguration section */

/* Begin XCConfigurationList section */
		968070A1206C4B2E009E80FB /* Build configuration list for PBXProject "Wedding" */ = {
			isa = XCConfigurationList;
			buildConfigurations = (
				968070C4206C4B2F009E80FB /* Debug */,
				968070C5206C4B2F009E80FB /* Release */,
			);
			defaultConfigurationIsVisible = 0;
			defaultConfigurationName = Release;
		};
		968070C6206C4B2F009E80FB /* Build configuration list for PBXNativeTarget "Wedding" */ = {
			isa = XCConfigurationList;
			buildConfigurations = (
				968070C7206C4B2F009E80FB /* Debug */,
				968070C8206C4B2F009E80FB /* Release */,
			);
			defaultConfigurationIsVisible = 0;
			defaultConfigurationName = Release;
		};
		968070C9206C4B2F009E80FB /* Build configuration list for PBXNativeTarget "WeddingTests" */ = {
			isa = XCConfigurationList;
			buildConfigurations = (
				968070CA206C4B2F009E80FB /* Debug */,
				968070CB206C4B2F009E80FB /* Release */,
			);
			defaultConfigurationIsVisible = 0;
			defaultConfigurationName = Release;
		};
/* End XCConfigurationList section */

/* Begin XCVersionGroup section */
		968070B0206C4B2E009E80FB /* Wedding.xcdatamodeld */ = {
			isa = XCVersionGroup;
			children = (
				968070B1206C4B2E009E80FB /* Wedding.xcdatamodel */,
			);
			currentVersion = 968070B1206C4B2E009E80FB /* Wedding.xcdatamodel */;
			path = Wedding.xcdatamodeld;
			sourceTree = "<group>";
			versionGroupType = wrapper.xcdatamodel;
		};
/* End XCVersionGroup section */
	};
	rootObject = 9680709E206C4B2E009E80FB /* Project object */;
}
